
Microsoft Visual Studio Solution File, Format Version 12.00
# Visual Studio Version 17
VisualStudioVersion = 17.14.36127.28 d17.14
MinimumVisualStudioVersion = 10.0.40219.1
Project("{FAE04EC0-301F-11D3-BF4B-00C04F79EFBC}") = "ProjeTakipSitesi", "ProjeTakipSitesi\ProjeTakipSitesi.csproj", "{5C5C0392-16C1-4982-9D15-4DCD35FC99A1}"
EndProject
Global
	GlobalSection(SolutionConfigurationPlatforms) = preSolution
		Debug|Any CPU = Debug|Any CPU
		Release|Any CPU = Release|Any CPU
	EndGlobalSection
	GlobalSection(ProjectConfigurationPlatforms) = postSolution
		{5C5C0392-16C1-4982-9D15-4DCD35FC99A1}.Debug|Any CPU.ActiveCfg = Debug|Any CPU
		{5C5C0392-16C1-4982-9D15-4DCD35FC99A1}.Debug|Any CPU.Build.0 = Debug|Any CPU
		{5C5C0392-16C1-4982-9D15-4DCD35FC99A1}.Release|Any CPU.ActiveCfg = Release|Any CPU
		{5C5C0392-16C1-4982-9D15-4DCD35FC99A1}.Release|Any CPU.Build.0 = Release|Any CPU
	EndGlobalSection
	GlobalSection(SolutionProperties) = preSolution
		HideSolutionNode = FALSE
	EndGlobalSection
	GlobalSection(ExtensibilityGlobals) = postSolution
		SolutionGuid = {DF4A4271-C0C0-45EF-9305-EDA3AA74213C}
	EndGlobalSection
EndGlobal
